// !$*UTF8*$!
{
	archiveVersion = 1;
	classes = {
	};
	objectVersion = 46;
	objects = {

/* Begin PBXBuildFile section */
		186849171C3CEF1C009EC87A /* AppDelegate.swift in Sources */ = {isa = PBXBuildFile; fileRef = 186849161C3CEF1C009EC87A /* AppDelegate.swift */; };
		186849191C3CEF1C009EC87A /* ViewController.swift in Sources */ = {isa = PBXBuildFile; fileRef = 186849181C3CEF1C009EC87A /* ViewController.swift */; };
		1868491C1C3CEF1C009EC87A /* Main.storyboard in Resources */ = {isa = PBXBuildFile; fileRef = 1868491A1C3CEF1C009EC87A /* Main.storyboard */; };
		1868491E1C3CEF1C009EC87A /* Assets.xcassets in Resources */ = {isa = PBXBuildFile; fileRef = 1868491D1C3CEF1C009EC87A /* Assets.xcassets */; };
		1868492B1C3CEFBD009EC87A /* ATLoopView.swift in Sources */ = {isa = PBXBuildFile; fileRef = 1868492A1C3CEFBD009EC87A /* ATLoopView.swift */; };
		18686EA11D74363000E3E98C /* SCLoopView.swift in Sources */ = {isa = PBXBuildFile; fileRef = 18686EA01D74363000E3E98C /* SCLoopView.swift */; };
/* End PBXBuildFile section */

/* Begin PBXFileReference section */
		186849131C3CEF1C009EC87A /* AutoLoopView.app */ = {isa = PBXFileReference; explicitFileType = wrapper.application; includeInIndex = 0; path = AutoLoopView.app; sourceTree = BUILT_PRODUCTS_DIR; };
		186849161C3CEF1C009EC87A /* AppDelegate.swift */ = {isa = PBXFileReference; lastKnownFileType = sourcecode.swift; path = AppDelegate.swift; sourceTree = "<group>"; };
		186849181C3CEF1C009EC87A /* ViewController.swift */ = {isa = PBXFileReference; lastKnownFileType = sourcecode.swift; path = ViewController.swift; sourceTree = "<group>"; };
		1868491B1C3CEF1C009EC87A /* Base */ = {isa = PBXFileReference; lastKnownFileType = file.storyboard; name = Base; path = Base.lproj/Main.storyboard; sourceTree = "<group>"; };
		1868491D1C3CEF1C009EC87A /* Assets.xcassets */ = {isa = PBXFileReference; lastKnownFileType = folder.assetcatalog; path = Assets.xcassets; sourceTree = "<group>"; };
		186849221C3CEF1C009EC87A /* Info.plist */ = {isa = PBXFileReference; lastKnownFileType = text.plist.xml; path = Info.plist; sourceTree = "<group>"; };
		1868492A1C3CEFBD009EC87A /* ATLoopView.swift */ = {isa = PBXFileReference; fileEncoding = 4; lastKnownFileType = sourcecode.swift; path = ATLoopView.swift; sourceTree = "<group>"; };
		18686EA01D74363000E3E98C /* SCLoopView.swift */ = {isa = PBXFileReference; fileEncoding = 4; lastKnownFileType = sourcecode.swift; path = SCLoopView.swift; sourceTree = "<group>"; };
/* End PBXFileReference section */

/* Begin PBXFrameworksBuildPhase section */
		186849101C3CEF1B009EC87A /* Frameworks */ = {
			isa = PBXFrameworksBuildPhase;
			buildActionMask = 2147483647;
			files = (
			);
			runOnlyForDeploymentPostprocessing = 0;
		};
/* End PBXFrameworksBuildPhase section */

/* Begin PBXGroup section */
		1868490A1C3CEF1B009EC87A = {
			isa = PBXGroup;
			children = (
				186849151C3CEF1C009EC87A /* AutoLoopView */,
				186849141C3CEF1C009EC87A /* Products */,
			);
			sourceTree = "<group>";
		};
		186849141C3CEF1C009EC87A /* Products */ = {
			isa = PBXGroup;
			children = (
				186849131C3CEF1C009EC87A /* AutoLoopView.app */,
			);
			name = Products;
			sourceTree = "<group>";
		};
		186849151C3CEF1C009EC87A /* AutoLoopView */ = {
			isa = PBXGroup;
			children = (
				186849161C3CEF1C009EC87A /* AppDelegate.swift */,
				186849181C3CEF1C009EC87A /* ViewController.swift */,
				1868491A1C3CEF1C009EC87A /* Main.storyboard */,
				186849281C3CEF86009EC87A /* Source */,
				186849291C3CEF92009EC87A /* Supporting Files */,
			);
			path = AutoLoopView;
			sourceTree = "<group>";
		};
		186849281C3CEF86009EC87A /* Source */ = {
			isa = PBXGroup;
			children = (
				1868492A1C3CEFBD009EC87A /* ATLoopView.swift */,
				18686EA01D74363000E3E98C /* SCLoopView.swift */,
			);
			path = Source;
			sourceTree = "<group>";
		};
		186849291C3CEF92009EC87A /* Supporting Files */ = {
			isa = PBXGroup;
			children = (
				1868491D1C3CEF1C009EC87A /* Assets.xcassets */,
				186849221C3CEF1C009EC87A /* Info.plist */,
			);
			name = "Supporting Files";
			sourceTree = "<group>";
		};
/* End PBXGroup section */

/* Begin PBXNativeTarget section */
		186849121C3CEF1B009EC87A /* AutoLoopView */ = {
			isa = PBXNativeTarget;
			buildConfigurationList = 186849251C3CEF1C009EC87A /* Build configuration list for PBXNativeTarget "AutoLoopView" */;
			buildPhases = (
				1868490F1C3CEF1B009EC87A /* Sources */,
				186849101C3CEF1B009EC87A /* Frameworks */,
				186849111C3CEF1B009EC87A /* Resources */,
			);
			buildRules = (
			);
			dependencies = (
			);
			name = AutoLoopView;
			productName = AutoLoopView;
			productReference = 186849131C3CEF1C009EC87A /* AutoLoopView.app */;
			productType = "com.apple.product-type.application";
		};
/* End PBXNativeTarget section */

/* Begin PBXProject section */
		1868490B1C3CEF1B009EC87A /* Project object */ = {
			isa = PBXProject;
			attributes = {
				LastSwiftUpdateCheck = 0720;
				LastUpgradeCheck = 0720;
				ORGANIZATIONNAME = onwer;
				TargetAttributes = {
					186849121C3CEF1B009EC87A = {
						CreatedOnToolsVersion = 7.2;
						DevelopmentTeam = Z2M64JRSMV;
					};
				};
			};
			buildConfigurationList = 1868490E1C3CEF1B009EC87A /* Build configuration list for PBXProject "AutoLoopView" */;
			compatibilityVersion = "Xcode 3.2";
			developmentRegion = English;
			hasScannedForEncodings = 0;
			knownRegions = (
				en,
				Base,
			);
			mainGroup = 1868490A1C3CEF1B009EC87A;
			productRefGroup = 186849141C3CEF1C009EC87A /* Products */;
			projectDirPath = "";
			projectRoot = "";
			targets = (
				186849121C3CEF1B009EC87A /* AutoLoopView */,
			);
		};
/* End PBXProject section */

/* Begin PBXResourcesBuildPhase section */
		186849111C3CEF1B009EC87A /* Resources */ = {
			isa = PBXResourcesBuildPhase;
			buildActionMask = 2147483647;
			files = (
				1868491E1C3CEF1C009EC87A /* Assets.xcassets in Resources */,
				1868491C1C3CEF1C009EC87A /* Main.storyboard in Resources */,
			);
			runOnlyForDeploymentPostprocessing = 0;
		};
/* End PBXResourcesBuildPhase section */

/* Begin PBXSourcesBuildPhase section */
		1868490F1C3CEF1B009EC87A /* Sources */ = {
			isa = PBXSourcesBuildPhase;
			buildActionMask = 2147483647;
			files = (
				1868492B1C3CEFBD009EC87A /* ATLoopView.swift in Sources */,
				186849191C3CEF1C009EC87A /* ViewController.swift in Sources */,
				18686EA11D74363000E3E98C /* SCLoopView.swift in Sources */,
				186849171C3CEF1C009EC87A /* AppDelegate.swift in Sources */,
			);
			runOnlyForDeploymentPostprocessing = 0;
		};
/* End PBXSourcesBuildPhase section */

/* Begin PBXVariantGroup section */
		1868491A1C3CEF1C009EC87A /* Main.storyboard */ = {
			isa = PBXVariantGroup;
			children = (
				1868491B1C3CEF1C009EC87A /* Base */,
			);
			name = Main.storyboard;
			sourceTree = "<group>";
		};
/* End PBXVariantGroup section */

/* Begin XCBuildConfiguration section */
		186849231C3CEF1C009EC87A /* Debug */ = {
			isa = XCBuildConfiguration;
			buildSettings = {
				ALWAYS_SEARCH_USER_PATHS = NO;
				CLANG_CXX_LANGUAGE_STANDARD = "gnu++0x";
				CLANG_CXX_LIBRARY = "libc++";
				CLANG_ENABLE_MODULES = YES;
				CLANG_ENABLE_OBJC_ARC = YES;
				CLANG_WARN_BOOL_CONVERSION = YES;
				CLANG_WARN_CONSTANT_CONVERSION = YES;
				CLANG_WARN_DIRECT_OBJC_ISA_USAGE = YES_ERROR;
				CLANG_WARN_EMPTY_BODY = YES;
				CLANG_WARN_ENUM_CONVERSION = YES;
				CLANG_WARN_INT_CONVERSION = YES;
				CLANG_WARN_OBJC_ROOT_CLASS = YES_ERROR;
				CLANG_WARN_UNREACHABLE_CODE = YES;
				CLANG_WARN__DUPLICATE_METHOD_MATCH = YES;
				"CODE_SIGN_IDENTITY[sdk=iphoneos*]" = "iPhone Developer";
				COPY_PHASE_STRIP = NO;
				DEBUG_INFORMATION_FORMAT = dwarf;
				ENABLE_STRICT_OBJC_MSGSEND = YES;
				ENABLE_TESTABILITY = YES;
				GCC_C_LANGUAGE_STANDARD = gnu99;
				GCC_DYNAMIC_NO_PIC = NO;
				GCC_NO_COMMON_BLOCKS = YES;
				GCC_OPTIMIZATION_LEVEL = 0;
				GCC_PREPROCESSOR_DEFINITIONS = (
					"DEBUG=1",
					"$(inherited)",
				);
				GCC_WARN_64_TO_32_BIT_CONVERSION = YES;
				GCC_WARN_ABOUT_RETURN_TYPE = YES_ERROR;
				GCC_WARN_UNDECLARED_SELECTOR = YES;
				GCC_WARN_UNINITIALIZED_AUTOS = YES_AGGRESSIVE;
				GCC_WARN_UNUSED_FUNCTION = YES;
				GCC_WARN_UNUSED_VARIABLE = YES;
				IPHONEOS_DEPLOYMENT_TARGET = 9.2;
				MTL_ENABLE_DEBUG_INFO = YES;
				ONLY_ACTIVE_ARCH = YES;
				SDKROOT = iphoneos;
				SWIFT_OPTIMIZATION_LEVEL = "-Onone";
			};
			name = Debug;
		};
		186849241C3CEF1C009EC87A /* Release */ = {
			isa = XCBuildConfiguration;
			buildSettings = {
				ALWAYS_SEARCH_USER_PATHS = NO;
				CLANG_CXX_LANGUAGE_STANDARD = "gnu++0x";
				CLANG_CXX_LIBRARY = "libc++";
				CLANG_ENABLE_MODULES = YES;
				CLANG_ENABLE_OBJC_ARC = YES;
				CLANG_WARN_BOOL_CONVERSION = YES;
				CLANG_WARN_CONSTANT_CONVERSION = YES;
				CLANG_WARN_DIRECT_OBJC_ISA_USAGE = YES_ERROR;
				CLANG_WARN_EMPTY_BODY = YES;
				CLANG_WARN_ENUM_CONVERSION = YES;
				CLANG_WARN_INT_CONVERSION = YES;
				CLANG_WARN_OBJC_ROOT_CLASS = YES_ERROR;
				CLANG_WARN_UNREACHABLE_CODE = YES;
				CLANG_WARN__DUPLICATE_METHOD_MATCH = YES;
				"CODE_SIGN_IDENTITY[sdk=iphoneos*]" = "iPhone Developer";
				COPY_PHASE_STRIP = NO;
				DEBUG_INFORMATION_FORMAT = "dwarf-with-dsym";
				ENABLE_NS_ASSERTIONS = NO;
				ENABLE_STRICT_OBJC_MSGSEND = YES;
				GCC_C_LANGUAGE_STANDARD = gnu99;
				GCC_NO_COMMON_BLOCKS = YES;
				GCC_WARN_64_TO_32_BIT_CONVERSION = YES;
				GCC_WARN_ABOUT_RETURN_TYPE = YES_ERROR;
				GCC_WARN_UNDECLARED_SELECTOR = YES;
				GCC_WARN_UNINITIALIZED_AUTOS = YES_AGGRESSIVE;
				GCC_WARN_UNUSED_FUNCTION = YES;
				GCC_WARN_UNUSED_VARIABLE = YES;
				IPHONEOS_DEPLOYMENT_TARGET = 9.2;
				MTL_ENABLE_DEBUG_INFO = NO;
				SDKROOT = iphoneos;
				VALIDATE_PRODUCT = YES;
			};
			name = Release;
		};
		186849261C3CEF1C009EC87A /* Debug */ = {
			isa = XCBuildConfiguration;
			buildSettings = {
				ASSETCATALOG_COMPILER_APPICON_NAME = AppIcon;
				ASSETCATALOG_COMPILER_LAUNCHIMAGE_NAME = "Brand Assets";
				INFOPLIST_FILE = AutoLoopView/Info.plist;
				IPHONEOS_DEPLOYMENT_TARGET = 7.0;
				LD_RUNPATH_SEARCH_PATHS = "$(inherited) @executable_path/Frameworks";
				PRODUCT_BUNDLE_IDENTIFIER = NewWorld.AutoLoopView;
				PRODUCT_NAME = "$(TARGET_NAME)";
			};
			name = Debug;
		};
		186849271C3CEF1C009EC87A /* Release */ = {
			isa = XCBuildConfiguration;
			buildSettings = {
				ASSETCATALOG_COMPILER_APPICON_NAME = AppIcon;
				ASSETCATALOG_COMPILER_LAUNCHIMAGE_NAME = "Brand Assets";
				INFOPLIST_FILE = AutoLoopView/Info.plist;
				IPHONEOS_DEPLOYMENT_TARGET = 7.0;
				LD_RUNPATH_SEARCH_PATHS = "$(inherited) @executable_path/Frameworks";
				PRODUCT_BUNDLE_IDENTIFIER = NewWorld.AutoLoopView;
				PRODUCT_NAME = "$(TARGET_NAME)";
			};
			name = Release;
		};
/* End XCBuildConfiguration section */

/* Begin XCConfigurationList section */
		1868490E1C3CEF1B009EC87A /* Build configuration list for PBXProject "AutoLoopView" */ = {
			isa = XCConfigurationList;
			buildConfigurations = (
				186849231C3CEF1C009EC87A /* Debug */,
				186849241C3CEF1C009EC87A /* Release */,
			);
			defaultConfigurationIsVisible = 0;
			defaultConfigurationName = Release;
		};
		186849251C3CEF1C009EC87A /* Build configuration list for PBXNativeTarget "AutoLoopView" */ = {
			isa = XCConfigurationList;
			buildConfigurations = (
				186849261C3CEF1C009EC87A /* Debug */,
				186849271C3CEF1C009EC87A /* Release */,
			);
			defaultConfigurationIsVisible = 0;
			defaultConfigurationName = Release;
		};
/* End XCConfigurationList section */
	};
	rootObject = 1868490B1C3CEF1B009EC87A /* Project object */;
}
